
Microsoft Visual Studio Solution File, Format Version 12.00
# Visual Studio Version 16
VisualStudioVersion = 16.0.30404.54
MinimumVisualStudioVersion = 10.0.40219.1
Project("{FAE04EC0-301F-11D3-BF4B-00C04F79EFBC}") = "API", "API\API.csproj", "{B88AEDAE-1F6D-4EBF-860F-BFB00F42A368}"
EndProject
Project("{FAE04EC0-301F-11D3-BF4B-00C04F79EFBC}") = "UI", "UI\UI.csproj", "{95BDD1AF-3A9B-47C2-AAD7-279562A8FF79}"
EndProject
Project("{FAE04EC0-301F-11D3-BF4B-00C04F79EFBC}") = "SharedCode", "SharedCode\SharedCode.csproj", "{02DEAEF5-B8FD-478A-8611-D7EF93A8C5DE}"
EndProject
Global
	GlobalSection(SolutionConfigurationPlatforms) = preSolution
		Debug|Any CPU = Debug|Any CPU
		Release|Any CPU = Release|Any CPU
	EndGlobalSection
	GlobalSection(ProjectConfigurationPlatforms) = postSolution
		{B88AEDAE-1F6D-4EBF-860F-BFB00F42A368}.Debug|Any CPU.ActiveCfg = Debug|Any CPU
		{B88AEDAE-1F6D-4EBF-860F-BFB00F42A368}.Debug|Any CPU.Build.0 = Debug|Any CPU
		{B88AEDAE-1F6D-4EBF-860F-BFB00F42A368}.Release|Any CPU.ActiveCfg = Release|Any CPU
		{B88AEDAE-1F6D-4EBF-860F-BFB00F42A368}.Release|Any CPU.Build.0 = Release|Any CPU
		{95BDD1AF-3A9B-47C2-AAD7-279562A8FF79}.Debug|Any CPU.ActiveCfg = Debug|Any CPU
		{95BDD1AF-3A9B-47C2-AAD7-279562A8FF79}.Debug|Any CPU.Build.0 = Debug|Any CPU
		{95BDD1AF-3A9B-47C2-AAD7-279562A8FF79}.Release|Any CPU.ActiveCfg = Release|Any CPU
		{95BDD1AF-3A9B-47C2-AAD7-279562A8FF79}.Release|Any CPU.Build.0 = Release|Any CPU
		{02DEAEF5-B8FD-478A-8611-D7EF93A8C5DE}.Debug|Any CPU.ActiveCfg = Debug|Any CPU
		{02DEAEF5-B8FD-478A-8611-D7EF93A8C5DE}.Debug|Any CPU.Build.0 = Debug|Any CPU
		{02DEAEF5-B8FD-478A-8611-D7EF93A8C5DE}.Release|Any CPU.ActiveCfg = Release|Any CPU
		{02DEAEF5-B8FD-478A-8611-D7EF93A8C5DE}.Release|Any CPU.Build.0 = Release|Any CPU
	EndGlobalSection
	GlobalSection(SolutionProperties) = preSolution
		HideSolutionNode = FALSE
	EndGlobalSection
	GlobalSection(ExtensibilityGlobals) = postSolution
		SolutionGuid = {500C23AE-B36C-41C2-9758-A21D3808E552}
	EndGlobalSection
EndGlobal
